
Microsoft Visual Studio Solution File, Format Version 12.00
# Visual Studio Version 17
VisualStudioVersion = 17.3.32804.467
MinimumVisualStudioVersion = 10.0.40219.1
Project("{9A19103F-16F7-4668-BE54-9A1E7A4F7556}") = "Blazor_AppDemo", "Blazor_AppDemo\Blazor_AppDemo.csproj", "{FAAE59EE-5661-44F2-BF40-B94FF4CEA48F}"
EndProject
Project("{FAE04EC0-301F-11D3-BF4B-00C04F79EFBC}") = "MinhaLib", "MinhaLib\MinhaLib.csproj", "{4A7CB9B3-6A47-4735-B8F8-7A65F59185EA}"
EndProject
Global
	GlobalSection(SolutionConfigurationPlatforms) = preSolution
		Debug|Any CPU = Debug|Any CPU
		Release|Any CPU = Release|Any CPU
	EndGlobalSection
	GlobalSection(ProjectConfigurationPlatforms) = postSolution
		{FAAE59EE-5661-44F2-BF40-B94FF4CEA48F}.Debug|Any CPU.ActiveCfg = Debug|Any CPU
		{FAAE59EE-5661-44F2-BF40-B94FF4CEA48F}.Debug|Any CPU.Build.0 = Debug|Any CPU
		{FAAE59EE-5661-44F2-BF40-B94FF4CEA48F}.Release|Any CPU.ActiveCfg = Release|Any CPU
		{FAAE59EE-5661-44F2-BF40-B94FF4CEA48F}.Release|Any CPU.Build.0 = Release|Any CPU
		{4A7CB9B3-6A47-4735-B8F8-7A65F59185EA}.Debug|Any CPU.ActiveCfg = Debug|Any CPU
		{4A7CB9B3-6A47-4735-B8F8-7A65F59185EA}.Debug|Any CPU.Build.0 = Debug|Any CPU
		{4A7CB9B3-6A47-4735-B8F8-7A65F59185EA}.Release|Any CPU.ActiveCfg = Release|Any CPU
		{4A7CB9B3-6A47-4735-B8F8-7A65F59185EA}.Release|Any CPU.Build.0 = Release|Any CPU
	EndGlobalSection
	GlobalSection(SolutionProperties) = preSolution
		HideSolutionNode = FALSE
	EndGlobalSection
	GlobalSection(ExtensibilityGlobals) = postSolution
		SolutionGuid = {B1CF25E7-7948-43BC-966D-F6D3B1F8FE65}
	EndGlobalSection
EndGlobal
